
Microsoft Visual Studio Solution File, Format Version 12.00
# Visual Studio Version 17
VisualStudioVersion = 17.8.34330.188
MinimumVisualStudioVersion = 10.0.40219.1
Project("{FAE04EC0-301F-11D3-BF4B-00C04F79EFBC}") = "Scout_Otomasyonu_Framework", "Scout_Otomasyonu_Framework.csproj", "{811B7447-69BA-4F6C-A6C8-B6BFE6389F8D}"
EndProject
Global
	GlobalSection(SolutionConfigurationPlatforms) = preSolution
		Debug|Any CPU = Debug|Any CPU
		Release|Any CPU = Release|Any CPU
	EndGlobalSection
	GlobalSection(ProjectConfigurationPlatforms) = postSolution
		{811B7447-69BA-4F6C-A6C8-B6BFE6389F8D}.Debug|Any CPU.ActiveCfg = Debug|Any CPU
		{811B7447-69BA-4F6C-A6C8-B6BFE6389F8D}.Debug|Any CPU.Build.0 = Debug|Any CPU
		{811B7447-69BA-4F6C-A6C8-B6BFE6389F8D}.Release|Any CPU.ActiveCfg = Release|Any CPU
		{811B7447-69BA-4F6C-A6C8-B6BFE6389F8D}.Release|Any CPU.Build.0 = Release|Any CPU
	EndGlobalSection
	GlobalSection(SolutionProperties) = preSolution
		HideSolutionNode = FALSE
	EndGlobalSection
	GlobalSection(ExtensibilityGlobals) = postSolution
		SolutionGuid = {43F3BBAF-F7BC-4D0F-B0FD-BDDC368177DA}
	EndGlobalSection
EndGlobal
